
Microsoft Visual Studio Solution File, Format Version 12.00
# Visual Studio Version 17
VisualStudioVersion = 17.10.34928.147
MinimumVisualStudioVersion = 10.0.40219.1
Project("{FAE04EC0-301F-11D3-BF4B-00C04F79EFBC}") = "Convertor USD to EUR", "ConsoleApp2\Convertor USD to EUR.csproj", "{1A432FD8-0F2E-488E-9D1B-B133A1103325}"
EndProject
Project("{FAE04EC0-301F-11D3-BF4B-00C04F79EFBC}") = "Four Operations", "Four Operations\Four Operations.csproj", "{4B9454C7-BC65-415C-8E2F-AB8EB95FF5A6}"
EndProject
Project("{FAE04EC0-301F-11D3-BF4B-00C04F79EFBC}") = "Market", "Market\Market.csproj", "{E47889BD-8206-4BA4-BB4A-A3666869D6A6}"
EndProject
Project("{FAE04EC0-301F-11D3-BF4B-00C04F79EFBC}") = "Tiles", "Tiles\Tiles.csproj", "{6DA4C8F5-B03E-4A72-BFD0-D6F93F4310E9}"
EndProject
Project("{FAE04EC0-301F-11D3-BF4B-00C04F79EFBC}") = "Deposit Calculator", "Deposit Calculator\Deposit Calculator.csproj", "{18329130-A81E-4B4D-8134-A5EF0E44EAB4}"
EndProject
Global
	GlobalSection(SolutionConfigurationPlatforms) = preSolution
		Debug|Any CPU = Debug|Any CPU
		Release|Any CPU = Release|Any CPU
	EndGlobalSection
	GlobalSection(ProjectConfigurationPlatforms) = postSolution
		{1A432FD8-0F2E-488E-9D1B-B133A1103325}.Debug|Any CPU.ActiveCfg = Debug|Any CPU
		{1A432FD8-0F2E-488E-9D1B-B133A1103325}.Debug|Any CPU.Build.0 = Debug|Any CPU
		{1A432FD8-0F2E-488E-9D1B-B133A1103325}.Release|Any CPU.ActiveCfg = Release|Any CPU
		{1A432FD8-0F2E-488E-9D1B-B133A1103325}.Release|Any CPU.Build.0 = Release|Any CPU
		{4B9454C7-BC65-415C-8E2F-AB8EB95FF5A6}.Debug|Any CPU.ActiveCfg = Debug|Any CPU
		{4B9454C7-BC65-415C-8E2F-AB8EB95FF5A6}.Debug|Any CPU.Build.0 = Debug|Any CPU
		{4B9454C7-BC65-415C-8E2F-AB8EB95FF5A6}.Release|Any CPU.ActiveCfg = Release|Any CPU
		{4B9454C7-BC65-415C-8E2F-AB8EB95FF5A6}.Release|Any CPU.Build.0 = Release|Any CPU
		{E47889BD-8206-4BA4-BB4A-A3666869D6A6}.Debug|Any CPU.ActiveCfg = Debug|Any CPU
		{E47889BD-8206-4BA4-BB4A-A3666869D6A6}.Debug|Any CPU.Build.0 = Debug|Any CPU
		{E47889BD-8206-4BA4-BB4A-A3666869D6A6}.Release|Any CPU.ActiveCfg = Release|Any CPU
		{E47889BD-8206-4BA4-BB4A-A3666869D6A6}.Release|Any CPU.Build.0 = Release|Any CPU
		{6DA4C8F5-B03E-4A72-BFD0-D6F93F4310E9}.Debug|Any CPU.ActiveCfg = Debug|Any CPU
		{6DA4C8F5-B03E-4A72-BFD0-D6F93F4310E9}.Debug|Any CPU.Build.0 = Debug|Any CPU
		{6DA4C8F5-B03E-4A72-BFD0-D6F93F4310E9}.Release|Any CPU.ActiveCfg = Release|Any CPU
		{6DA4C8F5-B03E-4A72-BFD0-D6F93F4310E9}.Release|Any CPU.Build.0 = Release|Any CPU
		{18329130-A81E-4B4D-8134-A5EF0E44EAB4}.Debug|Any CPU.ActiveCfg = Debug|Any CPU
		{18329130-A81E-4B4D-8134-A5EF0E44EAB4}.Debug|Any CPU.Build.0 = Debug|Any CPU
		{18329130-A81E-4B4D-8134-A5EF0E44EAB4}.Release|Any CPU.ActiveCfg = Release|Any CPU
		{18329130-A81E-4B4D-8134-A5EF0E44EAB4}.Release|Any CPU.Build.0 = Release|Any CPU
	EndGlobalSection
	GlobalSection(SolutionProperties) = preSolution
		HideSolutionNode = FALSE
	EndGlobalSection
	GlobalSection(ExtensibilityGlobals) = postSolution
		SolutionGuid = {376DE5C2-83B4-4965-8D5A-9766F042629C}
	EndGlobalSection
EndGlobal
